Microsoft Visual Studio Solution File, Format Version 12.00
# Visual Studio 2012
Project("{FAE04EC0-301F-11D3-BF4B-00C04F79EFBC}") = "JigglePhysics", "JigglePhysics.csproj", "{07421558-824D-456B-AE14-4FC9DDA7DAC2}"
EndProject
Project("{FAE04EC0-301F-11D3-BF4B-00C04F79EFBC}") = "Tests", "..\GodotJigglePhysicsTests\Tests.csproj", "{DDF5B889-5508-4E33-9B92-DA564CEC7B28}"
EndProject
Global
	GlobalSection(SolutionConfigurationPlatforms) = preSolution
	Debug|Any CPU = Debug|Any CPU
	ExportDebug|Any CPU = ExportDebug|Any CPU
	ExportRelease|Any CPU = ExportRelease|Any CPU
	EndGlobalSection
	GlobalSection(ProjectConfigurationPlatforms) = postSolution
		{07421558-824D-456B-AE14-4FC9DDA7DAC2}.Debug|Any CPU.ActiveCfg = Debug|Any CPU
		{07421558-824D-456B-AE14-4FC9DDA7DAC2}.Debug|Any CPU.Build.0 = Debug|Any CPU
		{07421558-824D-456B-AE14-4FC9DDA7DAC2}.ExportDebug|Any CPU.ActiveCfg = ExportDebug|Any CPU
		{07421558-824D-456B-AE14-4FC9DDA7DAC2}.ExportDebug|Any CPU.Build.0 = ExportDebug|Any CPU
		{07421558-824D-456B-AE14-4FC9DDA7DAC2}.ExportRelease|Any CPU.ActiveCfg = ExportRelease|Any CPU
		{07421558-824D-456B-AE14-4FC9DDA7DAC2}.ExportRelease|Any CPU.Build.0 = ExportRelease|Any CPU
		{DDF5B889-5508-4E33-9B92-DA564CEC7B28}.Debug|Any CPU.ActiveCfg = Debug|Any CPU
		{DDF5B889-5508-4E33-9B92-DA564CEC7B28}.Debug|Any CPU.Build.0 = Debug|Any CPU
		{DDF5B889-5508-4E33-9B92-DA564CEC7B28}.ExportDebug|Any CPU.ActiveCfg = ExportDebug|Any CPU
		{DDF5B889-5508-4E33-9B92-DA564CEC7B28}.ExportDebug|Any CPU.Build.0 = ExportDebug|Any CPU
		{DDF5B889-5508-4E33-9B92-DA564CEC7B28}.ExportRelease|Any CPU.ActiveCfg = ExportRelease|Any CPU
		{DDF5B889-5508-4E33-9B92-DA564CEC7B28}.ExportRelease|Any CPU.Build.0 = ExportRelease|Any CPU
	EndGlobalSection
EndGlobal
